// !$*UTF8*$!
{
	archiveVersion = 1;
	classes = {
	};
	objectVersion = 55;
	objects = {

/* Begin PBXBuildFile section */
		4D73B3D328B9EF5000EF4076 /* AppDelegate.swift in Sources */ = {isa = PBXBuildFile; fileRef = 4D73B3D228B9EF5000EF4076 /* AppDelegate.swift */; };
		4D73B3D528B9EF5000EF4076 /* SceneDelegate.swift in Sources */ = {isa = PBXBuildFile; fileRef = 4D73B3D428B9EF5000EF4076 /* SceneDelegate.swift */; };
		4D73B3D728B9EF5000EF4076 /* MainCollectionVC.swift in Sources */ = {isa = PBXBuildFile; fileRef = 4D73B3D628B9EF5000EF4076 /* MainCollectionVC.swift */; };
		4D73B3DC28B9EF5100EF4076 /* Assets.xcassets in Resources */ = {isa = PBXBuildFile; fileRef = 4D73B3DB28B9EF5100EF4076 /* Assets.xcassets */; };
		4D73B3DF28B9EF5100EF4076 /* LaunchScreen.storyboard in Resources */ = {isa = PBXBuildFile; fileRef = 4D73B3DD28B9EF5100EF4076 /* LaunchScreen.storyboard */; };
		4D8B7B7C28BAB60D00264BBC /* ImageCollectionViewCell.swift in Sources */ = {isa = PBXBuildFile; fileRef = 4D8B7B7B28BAB60D00264BBC /* ImageCollectionViewCell.swift */; };
		4D8B7B7E28BABD1300264BBC /* Networking.swift in Sources */ = {isa = PBXBuildFile; fileRef = 4D8B7B7D28BABD1300264BBC /* Networking.swift */; };
		4D8B7B8028BACE0400264BBC /* ImageViewController.swift in Sources */ = {isa = PBXBuildFile; fileRef = 4D8B7B7F28BACE0400264BBC /* ImageViewController.swift */; };
		4D8B7B8228BC16C900264BBC /* SaveImagesCollectionVC.swift in Sources */ = {isa = PBXBuildFile; fileRef = 4D8B7B8128BC16C900264BBC /* SaveImagesCollectionVC.swift */; };
		4D8B7B8428BC174100264BBC /* FileManag.swift in Sources */ = {isa = PBXBuildFile; fileRef = 4D8B7B8328BC174100264BBC /* FileManag.swift */; };
		4D8B7B8728BC662100264BBC /* CoreSaving.xcdatamodeld in Sources */ = {isa = PBXBuildFile; fileRef = 4D8B7B8528BC662100264BBC /* CoreSaving.xcdatamodeld */; };
		4D8B7B8928BC6A7800264BBC /* CoreDataManager.swift in Sources */ = {isa = PBXBuildFile; fileRef = 4D8B7B8828BC6A7800264BBC /* CoreDataManager.swift */; };
/* End PBXBuildFile section */

/* Begin PBXFileReference section */
		4D73B3CF28B9EF5000EF4076 /* CacheAndFileManager.app */ = {isa = PBXFileReference; explicitFileType = wrapper.application; includeInIndex = 0; path = CacheAndFileManager.app; sourceTree = BUILT_PRODUCTS_DIR; };
		4D73B3D228B9EF5000EF4076 /* AppDelegate.swift */ = {isa = PBXFileReference; lastKnownFileType = sourcecode.swift; path = AppDelegate.swift; sourceTree = "<group>"; };
		4D73B3D428B9EF5000EF4076 /* SceneDelegate.swift */ = {isa = PBXFileReference; lastKnownFileType = sourcecode.swift; path = SceneDelegate.swift; sourceTree = "<group>"; };
		4D73B3D628B9EF5000EF4076 /* MainCollectionVC.swift */ = {isa = PBXFileReference; lastKnownFileType = sourcecode.swift; path = MainCollectionVC.swift; sourceTree = "<group>"; };
		4D73B3DB28B9EF5100EF4076 /* Assets.xcassets */ = {isa = PBXFileReference; lastKnownFileType = folder.assetcatalog; path = Assets.xcassets; sourceTree = "<group>"; };
		4D73B3DE28B9EF5100EF4076 /* Base */ = {isa = PBXFileReference; lastKnownFileType = file.storyboard; name = Base; path = Base.lproj/LaunchScreen.storyboard; sourceTree = "<group>"; };
		4D73B3E028B9EF5100EF4076 /* Info.plist */ = {isa = PBXFileReference; lastKnownFileType = text.plist.xml; path = Info.plist; sourceTree = "<group>"; };
		4D8B7B7B28BAB60D00264BBC /* ImageCollectionViewCell.swift */ = {isa = PBXFileReference; lastKnownFileType = sourcecode.swift; path = ImageCollectionViewCell.swift; sourceTree = "<group>"; };
		4D8B7B7D28BABD1300264BBC /* Networking.swift */ = {isa = PBXFileReference; lastKnownFileType = sourcecode.swift; path = Networking.swift; sourceTree = "<group>"; };
		4D8B7B7F28BACE0400264BBC /* ImageViewController.swift */ = {isa = PBXFileReference; lastKnownFileType = sourcecode.swift; path = ImageViewController.swift; sourceTree = "<group>"; };
		4D8B7B8128BC16C900264BBC /* SaveImagesCollectionVC.swift */ = {isa = PBXFileReference; lastKnownFileType = sourcecode.swift; path = SaveImagesCollectionVC.swift; sourceTree = "<group>"; };
		4D8B7B8328BC174100264BBC /* FileManag.swift */ = {isa = PBXFileReference; lastKnownFileType = sourcecode.swift; path = FileManag.swift; sourceTree = "<group>"; };
		4D8B7B8628BC662100264BBC /* CoreSaving.xcdatamodel */ = {isa = PBXFileReference; lastKnownFileType = wrapper.xcdatamodel; path = CoreSaving.xcdatamodel; sourceTree = "<group>"; };
		4D8B7B8828BC6A7800264BBC /* CoreDataManager.swift */ = {isa = PBXFileReference; lastKnownFileType = sourcecode.swift; path = CoreDataManager.swift; sourceTree = "<group>"; };
/* End PBXFileReference section */

/* Begin PBXFrameworksBuildPhase section */
		4D73B3CC28B9EF5000EF4076 /* Frameworks */ = {
			isa = PBXFrameworksBuildPhase;
			buildActionMask = 2147483647;
			files = (
			);
			runOnlyForDeploymentPostprocessing = 0;
		};
/* End PBXFrameworksBuildPhase section */

/* Begin PBXGroup section */
		4D45A06428D50CE5008FCCD2 /* Storage */ = {
			isa = PBXGroup;
			children = (
				4D8B7B8328BC174100264BBC /* FileManag.swift */,
				4D8B7B8A28BC7A3C00264BBC /* CoreData */,
			);
			path = Storage;
			sourceTree = "<group>";
		};
		4D73B3C628B9EF5000EF4076 = {
			isa = PBXGroup;
			children = (
				4D73B3D128B9EF5000EF4076 /* CacheAndFileManager */,
				4D73B3D028B9EF5000EF4076 /* Products */,
			);
			sourceTree = "<group>";
		};
		4D73B3D028B9EF5000EF4076 /* Products */ = {
			isa = PBXGroup;
			children = (
				4D73B3CF28B9EF5000EF4076 /* CacheAndFileManager.app */,
			);
			name = Products;
			sourceTree = "<group>";
		};
		4D73B3D128B9EF5000EF4076 /* CacheAndFileManager */ = {
			isa = PBXGroup;
			children = (
				4D73B3D228B9EF5000EF4076 /* AppDelegate.swift */,
				4D73B3D428B9EF5000EF4076 /* SceneDelegate.swift */,
				4D73B3D628B9EF5000EF4076 /* MainCollectionVC.swift */,
				4D8B7B7F28BACE0400264BBC /* ImageViewController.swift */,
				4D8B7B8128BC16C900264BBC /* SaveImagesCollectionVC.swift */,
				4D8B7B7B28BAB60D00264BBC /* ImageCollectionViewCell.swift */,
				4D8B7B7D28BABD1300264BBC /* Networking.swift */,
				4D45A06428D50CE5008FCCD2 /* Storage */,
				4D73B3DB28B9EF5100EF4076 /* Assets.xcassets */,
				4D73B3DD28B9EF5100EF4076 /* LaunchScreen.storyboard */,
				4D73B3E028B9EF5100EF4076 /* Info.plist */,
			);
			path = CacheAndFileManager;
			sourceTree = "<group>";
		};
		4D8B7B8A28BC7A3C00264BBC /* CoreData */ = {
			isa = PBXGroup;
			children = (
				4D8B7B8828BC6A7800264BBC /* CoreDataManager.swift */,
				4D8B7B8528BC662100264BBC /* CoreSaving.xcdatamodeld */,
			);
			path = CoreData;
			sourceTree = "<group>";
		};
/* End PBXGroup section */

/* Begin PBXNativeTarget section */
		4D73B3CE28B9EF5000EF4076 /* CacheAndFileManager */ = {
			isa = PBXNativeTarget;
			buildConfigurationList = 4D73B3E328B9EF5100EF4076 /* Build configuration list for PBXNativeTarget "CacheAndFileManager" */;
			buildPhases = (
				4D73B3CB28B9EF5000EF4076 /* Sources */,
				4D73B3CC28B9EF5000EF4076 /* Frameworks */,
				4D73B3CD28B9EF5000EF4076 /* Resources */,
			);
			buildRules = (
			);
			dependencies = (
			);
			name = CacheAndFileManager;
			productName = CacheAndFileManager;
			productReference = 4D73B3CF28B9EF5000EF4076 /* CacheAndFileManager.app */;
			productType = "com.apple.product-type.application";
		};
/* End PBXNativeTarget section */

/* Begin PBXProject section */
		4D73B3C728B9EF5000EF4076 /* Project object */ = {
			isa = PBXProject;
			attributes = {
				BuildIndependentTargetsInParallel = 1;
				LastSwiftUpdateCheck = 1340;
				LastUpgradeCheck = 1340;
				TargetAttributes = {
					4D73B3CE28B9EF5000EF4076 = {
						CreatedOnToolsVersion = 13.4.1;
					};
				};
			};
			buildConfigurationList = 4D73B3CA28B9EF5000EF4076 /* Build configuration list for PBXProject "CacheAndFileManager" */;
			compatibilityVersion = "Xcode 13.0";
			developmentRegion = en;
			hasScannedForEncodings = 0;
			knownRegions = (
				en,
				Base,
			);
			mainGroup = 4D73B3C628B9EF5000EF4076;
			productRefGroup = 4D73B3D028B9EF5000EF4076 /* Products */;
			projectDirPath = "";
			projectRoot = "";
			targets = (
				4D73B3CE28B9EF5000EF4076 /* CacheAndFileManager */,
			);
		};
/* End PBXProject section */

/* Begin PBXResourcesBuildPhase section */
		4D73B3CD28B9EF5000EF4076 /* Resources */ = {
			isa = PBXResourcesBuildPhase;
			buildActionMask = 2147483647;
			files = (
				4D73B3DF28B9EF5100EF4076 /* LaunchScreen.storyboard in Resources */,
				4D73B3DC28B9EF5100EF4076 /* Assets.xcassets in Resources */,
			);
			runOnlyForDeploymentPostprocessing = 0;
		};
/* End PBXResourcesBuildPhase section */

/* Begin PBXSourcesBuildPhase section */
		4D73B3CB28B9EF5000EF4076 /* Sources */ = {
			isa = PBXSourcesBuildPhase;
			buildActionMask = 2147483647;
			files = (
				4D8B7B8728BC662100264BBC /* CoreSaving.xcdatamodeld in Sources */,
				4D8B7B8228BC16C900264BBC /* SaveImagesCollectionVC.swift in Sources */,
				4D73B3D728B9EF5000EF4076 /* MainCollectionVC.swift in Sources */,
				4D8B7B7E28BABD1300264BBC /* Networking.swift in Sources */,
				4D73B3D328B9EF5000EF4076 /* AppDelegate.swift in Sources */,
				4D8B7B7C28BAB60D00264BBC /* ImageCollectionViewCell.swift in Sources */,
				4D8B7B8028BACE0400264BBC /* ImageViewController.swift in Sources */,
				4D8B7B8428BC174100264BBC /* FileManag.swift in Sources */,
				4D8B7B8928BC6A7800264BBC /* CoreDataManager.swift in Sources */,
				4D73B3D528B9EF5000EF4076 /* SceneDelegate.swift in Sources */,
			);
			runOnlyForDeploymentPostprocessing = 0;
		};
/* End PBXSourcesBuildPhase section */

/* Begin PBXVariantGroup section */
		4D73B3DD28B9EF5100EF4076 /* LaunchScreen.storyboard */ = {
			isa = PBXVariantGroup;
			children = (
				4D73B3DE28B9EF5100EF4076 /* Base */,
			);
			name = LaunchScreen.storyboard;
			sourceTree = "<group>";
		};
/* End PBXVariantGroup section */

/* Begin XCBuildConfiguration section */
		4D73B3E128B9EF5100EF4076 /* Debug */ = {
			isa = XCBuildConfiguration;
			buildSettings = {
				ALWAYS_SEARCH_USER_PATHS = NO;
				CLANG_ANALYZER_NONNULL = YES;
				CLANG_ANALYZER_NUMBER_OBJECT_CONVERSION = YES_AGGRESSIVE;
				CLANG_CXX_LANGUAGE_STANDARD = "gnu++17";
				CLANG_ENABLE_MODULES = YES;
				CLANG_ENABLE_OBJC_ARC = YES;
				CLANG_ENABLE_OBJC_WEAK = YES;
				CLANG_WARN_BLOCK_CAPTURE_AUTORELEASING = YES;
				CLANG_WARN_BOOL_CONVERSION = YES;
				CLANG_WARN_COMMA = YES;
				CLANG_WARN_CONSTANT_CONVERSION = YES;
				CLANG_WARN_DEPRECATED_OBJC_IMPLEMENTATIONS = YES;
				CLANG_WARN_DIRECT_OBJC_ISA_USAGE = YES_ERROR;
				CLANG_WARN_DOCUMENTATION_COMMENTS = YES;
				CLANG_WARN_EMPTY_BODY = YES;
				CLANG_WARN_ENUM_CONVERSION = YES;
				CLANG_WARN_INFINITE_RECURSION = YES;
				CLANG_WARN_INT_CONVERSION = YES;
				CLANG_WARN_NON_LITERAL_NULL_CONVERSION = YES;
				CLANG_WARN_OBJC_IMPLICIT_RETAIN_SELF = YES;
				CLANG_WARN_OBJC_LITERAL_CONVERSION = YES;
				CLANG_WARN_OBJC_ROOT_CLASS = YES_ERROR;
				CLANG_WARN_QUOTED_INCLUDE_IN_FRAMEWORK_HEADER = YES;
				CLANG_WARN_RANGE_LOOP_ANALYSIS = YES;
				CLANG_WARN_STRICT_PROTOTYPES = YES;
				CLANG_WARN_SUSPICIOUS_MOVE = YES;
				CLANG_WARN_UNGUARDED_AVAILABILITY = YES_AGGRESSIVE;
				CLANG_WARN_UNREACHABLE_CODE = YES;
				CLANG_WARN__DUPLICATE_METHOD_MATCH = YES;
				COPY_PHASE_STRIP = NO;
				DEBUG_INFORMATION_FORMAT = dwarf;
				ENABLE_STRICT_OBJC_MSGSEND = YES;
				ENABLE_TESTABILITY = YES;
				GCC_C_LANGUAGE_STANDARD = gnu11;
				GCC_DYNAMIC_NO_PIC = NO;
				GCC_NO_COMMON_BLOCKS = YES;
				GCC_OPTIMIZATION_LEVEL = 0;
				GCC_PREPROCESSOR_DEFINITIONS = (
					"DEBUG=1",
					"$(inherited)",
				);
				GCC_WARN_64_TO_32_BIT_CONVERSION = YES;
				GCC_WARN_ABOUT_RETURN_TYPE = YES_ERROR;
				GCC_WARN_UNDECLARED_SELECTOR = YES;
				GCC_WARN_UNINITIALIZED_AUTOS = YES_AGGRESSIVE;
				GCC_WARN_UNUSED_FUNCTION = YES;
				GCC_WARN_UNUSED_VARIABLE = YES;
				IPHONEOS_DEPLOYMENT_TARGET = 15.5;
				MTL_ENABLE_DEBUG_INFO = INCLUDE_SOURCE;
				MTL_FAST_MATH = YES;
				ONLY_ACTIVE_ARCH = YES;
				SDKROOT = iphoneos;
				SWIFT_ACTIVE_COMPILATION_CONDITIONS = DEBUG;
				SWIFT_OPTIMIZATION_LEVEL = "-Onone";
			};
			name = Debug;
		};
		4D73B3E228B9EF5100EF4076 /* Release */ = {
			isa = XCBuildConfiguration;
			buildSettings = {
				ALWAYS_SEARCH_USER_PATHS = NO;
				CLANG_ANALYZER_NONNULL = YES;
				CLANG_ANALYZER_NUMBER_OBJECT_CONVERSION = YES_AGGRESSIVE;
				CLANG_CXX_LANGUAGE_STANDARD = "gnu++17";
				CLANG_ENABLE_MODULES = YES;
				CLANG_ENABLE_OBJC_ARC = YES;
				CLANG_ENABLE_OBJC_WEAK = YES;
				CLANG_WARN_BLOCK_CAPTURE_AUTORELEASING = YES;
				CLANG_WARN_BOOL_CONVERSION = YES;
				CLANG_WARN_COMMA = YES;
				CLANG_WARN_CONSTANT_CONVERSION = YES;
				CLANG_WARN_DEPRECATED_OBJC_IMPLEMENTATIONS = YES;
				CLANG_WARN_DIRECT_OBJC_ISA_USAGE = YES_ERROR;
				CLANG_WARN_DOCUMENTATION_COMMENTS = YES;
				CLANG_WARN_EMPTY_BODY = YES;
				CLANG_WARN_ENUM_CONVERSION = YES;
				CLANG_WARN_INFINITE_RECURSION = YES;
				CLANG_WARN_INT_CONVERSION = YES;
				CLANG_WARN_NON_LITERAL_NULL_CONVERSION = YES;
				CLANG_WARN_OBJC_IMPLICIT_RETAIN_SELF = YES;
				CLANG_WARN_OBJC_LITERAL_CONVERSION = YES;
				CLANG_WARN_OBJC_ROOT_CLASS = YES_ERROR;
				CLANG_WARN_QUOTED_INCLUDE_IN_FRAMEWORK_HEADER = YES;
				CLANG_WARN_RANGE_LOOP_ANALYSIS = YES;
				CLANG_WARN_STRICT_PROTOTYPES = YES;
				CLANG_WARN_SUSPICIOUS_MOVE = YES;
				CLANG_WARN_UNGUARDED_AVAILABILITY = YES_AGGRESSIVE;
				CLANG_WARN_UNREACHABLE_CODE = YES;
				CLANG_WARN__DUPLICATE_METHOD_MATCH = YES;
				COPY_PHASE_STRIP = NO;
				DEBUG_INFORMATION_FORMAT = "dwarf-with-dsym";
				ENABLE_NS_ASSERTIONS = NO;
				ENABLE_STRICT_OBJC_MSGSEND = YES;
				GCC_C_LANGUAGE_STANDARD = gnu11;
				GCC_NO_COMMON_BLOCKS = YES;
				GCC_WARN_64_TO_32_BIT_CONVERSION = YES;
				GCC_WARN_ABOUT_RETURN_TYPE = YES_ERROR;
				GCC_WARN_UNDECLARED_SELECTOR = YES;
				GCC_WARN_UNINITIALIZED_AUTOS = YES_AGGRESSIVE;
				GCC_WARN_UNUSED_FUNCTION = YES;
				GCC_WARN_UNUSED_VARIABLE = YES;
				IPHONEOS_DEPLOYMENT_TARGET = 15.5;
				MTL_ENABLE_DEBUG_INFO = NO;
				MTL_FAST_MATH = YES;
				SDKROOT = iphoneos;
				SWIFT_COMPILATION_MODE = wholemodule;
				SWIFT_OPTIMIZATION_LEVEL = "-O";
				VALIDATE_PRODUCT = YES;
			};
			name = Release;
		};
		4D73B3E428B9EF5100EF4076 /* Debug */ = {
			isa = XCBuildConfiguration;
			buildSettings = {
				ASSETCATALOG_COMPILER_APPICON_NAME = AppIcon;
				ASSETCATALOG_COMPILER_GLOBAL_ACCENT_COLOR_NAME = AccentColor;
				CODE_SIGN_STYLE = Automatic;
				CURRENT_PROJECT_VERSION = 1;
				DEVELOPMENT_TEAM = 597UW8QG76;
				GENERATE_INFOPLIST_FILE = YES;
				INFOPLIST_FILE = CacheAndFileManager/Info.plist;
				INFOPLIST_KEY_UIApplicationSupportsIndirectInputEvents = YES;
				INFOPLIST_KEY_UILaunchStoryboardName = LaunchScreen;
				INFOPLIST_KEY_UISupportedInterfaceOrientations_iPad = "UIInterfaceOrientationPortrait UIInterfaceOrientationPortraitUpsideDown UIInterfaceOrientationLandscapeLeft UIInterfaceOrientationLandscapeRight";
				INFOPLIST_KEY_UISupportedInterfaceOrientations_iPhone = "UIInterfaceOrientationPortrait UIInterfaceOrientationLandscapeLeft UIInterfaceOrientationLandscapeRight";
				LD_RUNPATH_SEARCH_PATHS = (
					"$(inherited)",
					"@executable_path/Frameworks",
				);
				MARKETING_VERSION = 1.0;
				PRODUCT_BUNDLE_IDENTIFIER = nopassport.CacheAndFileManager;
				PRODUCT_NAME = "$(TARGET_NAME)";
				SWIFT_EMIT_LOC_STRINGS = YES;
				SWIFT_VERSION = 5.0;
				TARGETED_DEVICE_FAMILY = "1,2";
			};
			name = Debug;
		};
		4D73B3E528B9EF5100EF4076 /* Release */ = {
			isa = XCBuildConfiguration;
			buildSettings = {
				ASSETCATALOG_COMPILER_APPICON_NAME = AppIcon;
				ASSETCATALOG_COMPILER_GLOBAL_ACCENT_COLOR_NAME = AccentColor;
				CODE_SIGN_STYLE = Automatic;
				CURRENT_PROJECT_VERSION = 1;
				DEVELOPMENT_TEAM = 597UW8QG76;
				GENERATE_INFOPLIST_FILE = YES;
				INFOPLIST_FILE = CacheAndFileManager/Info.plist;
				INFOPLIST_KEY_UIApplicationSupportsIndirectInputEvents = YES;
				INFOPLIST_KEY_UILaunchStoryboardName = LaunchScreen;
				INFOPLIST_KEY_UISupportedInterfaceOrientations_iPad = "UIInterfaceOrientationPortrait UIInterfaceOrientationPortraitUpsideDown UIInterfaceOrientationLandscapeLeft UIInterfaceOrientationLandscapeRight";
				INFOPLIST_KEY_UISupportedInterfaceOrientations_iPhone = "UIInterfaceOrientationPortrait UIInterfaceOrientationLandscapeLeft UIInterfaceOrientationLandscapeRight";
				LD_RUNPATH_SEARCH_PATHS = (
					"$(inherited)",
					"@executable_path/Frameworks",
				);
				MARKETING_VERSION = 1.0;
				PRODUCT_BUNDLE_IDENTIFIER = nopassport.CacheAndFileManager;
				PRODUCT_NAME = "$(TARGET_NAME)";
				SWIFT_EMIT_LOC_STRINGS = YES;
				SWIFT_VERSION = 5.0;
				TARGETED_DEVICE_FAMILY = "1,2";
			};
			name = Release;
		};
/* End XCBuildConfiguration section */

/* Begin XCConfigurationList section */
		4D73B3CA28B9EF5000EF4076 /* Build configuration list for PBXProject "CacheAndFileManager" */ = {
			isa = XCConfigurationList;
			buildConfigurations = (
				4D73B3E128B9EF5100EF4076 /* Debug */,
				4D73B3E228B9EF5100EF4076 /* Release */,
			);
			defaultConfigurationIsVisible = 0;
			defaultConfigurationName = Release;
		};
		4D73B3E328B9EF5100EF4076 /* Build configuration list for PBXNativeTarget "CacheAndFileManager" */ = {
			isa = XCConfigurationList;
			buildConfigurations = (
				4D73B3E428B9EF5100EF4076 /* Debug */,
				4D73B3E528B9EF5100EF4076 /* Release */,
			);
			defaultConfigurationIsVisible = 0;
			defaultConfigurationName = Release;
		};
/* End XCConfigurationList section */

/* Begin XCVersionGroup section */
		4D8B7B8528BC662100264BBC /* CoreSaving.xcdatamodeld */ = {
			isa = XCVersionGroup;
			children = (
				4D8B7B8628BC662100264BBC /* CoreSaving.xcdatamodel */,
			);
			currentVersion = 4D8B7B8628BC662100264BBC /* CoreSaving.xcdatamodel */;
			path = CoreSaving.xcdatamodeld;
			sourceTree = "<group>";
			versionGroupType = wrapper.xcdatamodel;
		};
/* End XCVersionGroup section */
	};
	rootObject = 4D73B3C728B9EF5000EF4076 /* Project object */;
}
